
Microsoft Visual Studio Solution File, Format Version 12.00
# Visual Studio Version 16
VisualStudioVersion = 16.0.29326.143
MinimumVisualStudioVersion = 10.0.40219.1
Project("{FAE04EC0-301F-11D3-BF4B-00C04F79EFBC}") = "XamarinSpeechToTextDemo.Android", "XamarinSpeechToTextDemo\XamarinSpeechToTextDemo.Android\XamarinSpeechToTextDemo.Android.csproj", "{9379EB15-A834-4889-A3CC-7099414EF715}"
EndProject
Project("{FAE04EC0-301F-11D3-BF4B-00C04F79EFBC}") = "XamarinSpeechToTextDemo.iOS", "XamarinSpeechToTextDemo\XamarinSpeechToTextDemo.iOS\XamarinSpeechToTextDemo.iOS.csproj", "{C7D94D0F-8988-409B-878F-F16DD337544E}"
EndProject
Project("{9A19103F-16F7-4668-BE54-9A1E7A4F7556}") = "XamarinSpeechToTextDemo", "XamarinSpeechToTextDemo\XamarinSpeechToTextDemo\XamarinSpeechToTextDemo.csproj", "{8CB26518-E117-44F4-8E1A-8BAB620B82FA}"
EndProject
Global
	GlobalSection(SolutionConfigurationPlatforms) = preSolution
		Debug|Any CPU = Debug|Any CPU
		Debug|ARM = Debug|ARM
		Debug|iPhone = Debug|iPhone
		Debug|iPhoneSimulator = Debug|iPhoneSimulator
		Debug|x64 = Debug|x64
		Debug|x86 = Debug|x86
		Release|Any CPU = Release|Any CPU
		Release|ARM = Release|ARM
		Release|iPhone = Release|iPhone
		Release|iPhoneSimulator = Release|iPhoneSimulator
		Release|x64 = Release|x64
		Release|x86 = Release|x86
	EndGlobalSection
	GlobalSection(ProjectConfigurationPlatforms) = postSolution
		{9379EB15-A834-4889-A3CC-7099414EF715}.Debug|Any CPU.ActiveCfg = Debug|Any CPU
		{9379EB15-A834-4889-A3CC-7099414EF715}.Debug|Any CPU.Build.0 = Debug|Any CPU
		{9379EB15-A834-4889-A3CC-7099414EF715}.Debug|Any CPU.Deploy.0 = Debug|Any CPU
		{9379EB15-A834-4889-A3CC-7099414EF715}.Debug|ARM.ActiveCfg = Debug|Any CPU
		{9379EB15-A834-4889-A3CC-7099414EF715}.Debug|ARM.Build.0 = Debug|Any CPU
		{9379EB15-A834-4889-A3CC-7099414EF715}.Debug|ARM.Deploy.0 = Debug|Any CPU
		{9379EB15-A834-4889-A3CC-7099414EF715}.Debug|iPhone.ActiveCfg = Debug|Any CPU
		{9379EB15-A834-4889-A3CC-7099414EF715}.Debug|iPhone.Build.0 = Debug|Any CPU
		{9379EB15-A834-4889-A3CC-7099414EF715}.Debug|iPhone.Deploy.0 = Debug|Any CPU
		{9379EB15-A834-4889-A3CC-7099414EF715}.Debug|iPhoneSimulator.ActiveCfg = Debug|Any CPU
		{9379EB15-A834-4889-A3CC-7099414EF715}.Debug|iPhoneSimulator.Build.0 = Debug|Any CPU
		{9379EB15-A834-4889-A3CC-7099414EF715}.Debug|iPhoneSimulator.Deploy.0 = Debug|Any CPU
		{9379EB15-A834-4889-A3CC-7099414EF715}.Debug|x64.ActiveCfg = Debug|Any CPU
		{9379EB15-A834-4889-A3CC-7099414EF715}.Debug|x64.Build.0 = Debug|Any CPU
		{9379EB15-A834-4889-A3CC-7099414EF715}.Debug|x64.Deploy.0 = Debug|Any CPU
		{9379EB15-A834-4889-A3CC-7099414EF715}.Debug|x86.ActiveCfg = Debug|Any CPU
		{9379EB15-A834-4889-A3CC-7099414EF715}.Debug|x86.Build.0 = Debug|Any CPU
		{9379EB15-A834-4889-A3CC-7099414EF715}.Debug|x86.Deploy.0 = Debug|Any CPU
		{9379EB15-A834-4889-A3CC-7099414EF715}.Release|Any CPU.ActiveCfg = Release|Any CPU
		{9379EB15-A834-4889-A3CC-7099414EF715}.Release|Any CPU.Build.0 = Release|Any CPU
		{9379EB15-A834-4889-A3CC-7099414EF715}.Release|Any CPU.Deploy.0 = Release|Any CPU
		{9379EB15-A834-4889-A3CC-7099414EF715}.Release|ARM.ActiveCfg = Release|Any CPU
		{9379EB15-A834-4889-A3CC-7099414EF715}.Release|ARM.Build.0 = Release|Any CPU
		{9379EB15-A834-4889-A3CC-7099414EF715}.Release|ARM.Deploy.0 = Release|Any CPU
		{9379EB15-A834-4889-A3CC-7099414EF715}.Release|iPhone.ActiveCfg = Release|Any CPU
		{9379EB15-A834-4889-A3CC-7099414EF715}.Release|iPhone.Build.0 = Release|Any CPU
		{9379EB15-A834-4889-A3CC-7099414EF715}.Release|iPhone.Deploy.0 = Release|Any CPU
		{9379EB15-A834-4889-A3CC-7099414EF715}.Release|iPhoneSimulator.ActiveCfg = Release|Any CPU
		{9379EB15-A834-4889-A3CC-7099414EF715}.Release|iPhoneSimulator.Build.0 = Release|Any CPU
		{9379EB15-A834-4889-A3CC-7099414EF715}.Release|iPhoneSimulator.Deploy.0 = Release|Any CPU
		{9379EB15-A834-4889-A3CC-7099414EF715}.Release|x64.ActiveCfg = Release|Any CPU
		{9379EB15-A834-4889-A3CC-7099414EF715}.Release|x64.Build.0 = Release|Any CPU
		{9379EB15-A834-4889-A3CC-7099414EF715}.Release|x64.Deploy.0 = Release|Any CPU
		{9379EB15-A834-4889-A3CC-7099414EF715}.Release|x86.ActiveCfg = Release|Any CPU
		{9379EB15-A834-4889-A3CC-7099414EF715}.Release|x86.Build.0 = Release|Any CPU
		{9379EB15-A834-4889-A3CC-7099414EF715}.Release|x86.Deploy.0 = Release|Any CPU
		{C7D94D0F-8988-409B-878F-F16DD337544E}.Debug|Any CPU.ActiveCfg = Debug|iPhone
		{C7D94D0F-8988-409B-878F-F16DD337544E}.Debug|Any CPU.Build.0 = Debug|iPhone
		{C7D94D0F-8988-409B-878F-F16DD337544E}.Debug|Any CPU.Deploy.0 = Debug|iPhone
		{C7D94D0F-8988-409B-878F-F16DD337544E}.Debug|ARM.ActiveCfg = Debug|iPhoneSimulator
		{C7D94D0F-8988-409B-878F-F16DD337544E}.Debug|ARM.Build.0 = Debug|iPhoneSimulator
		{C7D94D0F-8988-409B-878F-F16DD337544E}.Debug|ARM.Deploy.0 = Debug|iPhoneSimulator
		{C7D94D0F-8988-409B-878F-F16DD337544E}.Debug|iPhone.ActiveCfg = Debug|iPhone
		{C7D94D0F-8988-409B-878F-F16DD337544E}.Debug|iPhone.Build.0 = Debug|iPhone
		{C7D94D0F-8988-409B-878F-F16DD337544E}.Debug|iPhone.Deploy.0 = Debug|iPhone
		{C7D94D0F-8988-409B-878F-F16DD337544E}.Debug|iPhoneSimulator.ActiveCfg = Debug|iPhoneSimulator
		{C7D94D0F-8988-409B-878F-F16DD337544E}.Debug|iPhoneSimulator.Build.0 = Debug|iPhoneSimulator
		{C7D94D0F-8988-409B-878F-F16DD337544E}.Debug|iPhoneSimulator.Deploy.0 = Debug|iPhoneSimulator
		{C7D94D0F-8988-409B-878F-F16DD337544E}.Debug|x64.ActiveCfg = Debug|iPhone
		{C7D94D0F-8988-409B-878F-F16DD337544E}.Debug|x64.Build.0 = Debug|iPhone
		{C7D94D0F-8988-409B-878F-F16DD337544E}.Debug|x64.Deploy.0 = Debug|iPhone
		{C7D94D0F-8988-409B-878F-F16DD337544E}.Debug|x86.ActiveCfg = Debug|iPhone
		{C7D94D0F-8988-409B-878F-F16DD337544E}.Debug|x86.Build.0 = Debug|iPhone
		{C7D94D0F-8988-409B-878F-F16DD337544E}.Debug|x86.Deploy.0 = Debug|iPhone
		{C7D94D0F-8988-409B-878F-F16DD337544E}.Release|Any CPU.ActiveCfg = Release|iPhone
		{C7D94D0F-8988-409B-878F-F16DD337544E}.Release|Any CPU.Build.0 = Release|iPhone
		{C7D94D0F-8988-409B-878F-F16DD337544E}.Release|Any CPU.Deploy.0 = Release|iPhone
		{C7D94D0F-8988-409B-878F-F16DD337544E}.Release|ARM.ActiveCfg = Release|iPhone
		{C7D94D0F-8988-409B-878F-F16DD337544E}.Release|ARM.Build.0 = Release|iPhone
		{C7D94D0F-8988-409B-878F-F16DD337544E}.Release|ARM.Deploy.0 = Release|iPhone
		{C7D94D0F-8988-409B-878F-F16DD337544E}.Release|iPhone.ActiveCfg = Release|iPhone
		{C7D94D0F-8988-409B-878F-F16DD337544E}.Release|iPhone.Build.0 = Release|iPhone
		{C7D94D0F-8988-409B-878F-F16DD337544E}.Release|iPhone.Deploy.0 = Release|iPhone
		{C7D94D0F-8988-409B-878F-F16DD337544E}.Release|iPhoneSimulator.ActiveCfg = Release|iPhoneSimulator
		{C7D94D0F-8988-409B-878F-F16DD337544E}.Release|iPhoneSimulator.Build.0 = Release|iPhoneSimulator
		{C7D94D0F-8988-409B-878F-F16DD337544E}.Release|iPhoneSimulator.Deploy.0 = Release|iPhoneSimulator
		{C7D94D0F-8988-409B-878F-F16DD337544E}.Release|x64.ActiveCfg = Release|iPhone
		{C7D94D0F-8988-409B-878F-F16DD337544E}.Release|x64.Build.0 = Release|iPhone
		{C7D94D0F-8988-409B-878F-F16DD337544E}.Release|x64.Deploy.0 = Release|iPhone
		{C7D94D0F-8988-409B-878F-F16DD337544E}.Release|x86.ActiveCfg = Release|iPhone
		{C7D94D0F-8988-409B-878F-F16DD337544E}.Release|x86.Build.0 = Release|iPhone
		{C7D94D0F-8988-409B-878F-F16DD337544E}.Release|x86.Deploy.0 = Release|iPhone
		{8CB26518-E117-44F4-8E1A-8BAB620B82FA}.Debug|Any CPU.ActiveCfg = Debug|Any CPU
		{8CB26518-E117-44F4-8E1A-8BAB620B82FA}.Debug|Any CPU.Build.0 = Debug|Any CPU
		{8CB26518-E117-44F4-8E1A-8BAB620B82FA}.Debug|Any CPU.Deploy.0 = Debug|Any CPU
		{8CB26518-E117-44F4-8E1A-8BAB620B82FA}.Debug|ARM.ActiveCfg = Debug|Any CPU
		{8CB26518-E117-44F4-8E1A-8BAB620B82FA}.Debug|ARM.Build.0 = Debug|Any CPU
		{8CB26518-E117-44F4-8E1A-8BAB620B82FA}.Debug|ARM.Deploy.0 = Debug|Any CPU
		{8CB26518-E117-44F4-8E1A-8BAB620B82FA}.Debug|iPhone.ActiveCfg = Debug|Any CPU
		{8CB26518-E117-44F4-8E1A-8BAB620B82FA}.Debug|iPhone.Build.0 = Debug|Any CPU
		{8CB26518-E117-44F4-8E1A-8BAB620B82FA}.Debug|iPhone.Deploy.0 = Debug|Any CPU
		{8CB26518-E117-44F4-8E1A-8BAB620B82FA}.Debug|iPhoneSimulator.ActiveCfg = Debug|Any CPU
		{8CB26518-E117-44F4-8E1A-8BAB620B82FA}.Debug|iPhoneSimulator.Build.0 = Debug|Any CPU
		{8CB26518-E117-44F4-8E1A-8BAB620B82FA}.Debug|iPhoneSimulator.Deploy.0 = Debug|Any CPU
		{8CB26518-E117-44F4-8E1A-8BAB620B82FA}.Debug|x64.ActiveCfg = Debug|Any CPU
		{8CB26518-E117-44F4-8E1A-8BAB620B82FA}.Debug|x64.Build.0 = Debug|Any CPU
		{8CB26518-E117-44F4-8E1A-8BAB620B82FA}.Debug|x64.Deploy.0 = Debug|Any CPU
		{8CB26518-E117-44F4-8E1A-8BAB620B82FA}.Debug|x86.ActiveCfg = Debug|Any CPU
		{8CB26518-E117-44F4-8E1A-8BAB620B82FA}.Debug|x86.Build.0 = Debug|Any CPU
		{8CB26518-E117-44F4-8E1A-8BAB620B82FA}.Debug|x86.Deploy.0 = Debug|Any CPU
		{8CB26518-E117-44F4-8E1A-8BAB620B82FA}.Release|Any CPU.ActiveCfg = Release|Any CPU
		{8CB26518-E117-44F4-8E1A-8BAB620B82FA}.Release|Any CPU.Build.0 = Release|Any CPU
		{8CB26518-E117-44F4-8E1A-8BAB620B82FA}.Release|Any CPU.Deploy.0 = Release|Any CPU
		{8CB26518-E117-44F4-8E1A-8BAB620B82FA}.Release|ARM.ActiveCfg = Release|Any CPU
		{8CB26518-E117-44F4-8E1A-8BAB620B82FA}.Release|ARM.Build.0 = Release|Any CPU
		{8CB26518-E117-44F4-8E1A-8BAB620B82FA}.Release|ARM.Deploy.0 = Release|Any CPU
		{8CB26518-E117-44F4-8E1A-8BAB620B82FA}.Release|iPhone.ActiveCfg = Release|Any CPU
		{8CB26518-E117-44F4-8E1A-8BAB620B82FA}.Release|iPhone.Build.0 = Release|Any CPU
		{8CB26518-E117-44F4-8E1A-8BAB620B82FA}.Release|iPhone.Deploy.0 = Release|Any CPU
		{8CB26518-E117-44F4-8E1A-8BAB620B82FA}.Release|iPhoneSimulator.ActiveCfg = Release|Any CPU
		{8CB26518-E117-44F4-8E1A-8BAB620B82FA}.Release|iPhoneSimulator.Build.0 = Release|Any CPU
		{8CB26518-E117-44F4-8E1A-8BAB620B82FA}.Release|iPhoneSimulator.Deploy.0 = Release|Any CPU
		{8CB26518-E117-44F4-8E1A-8BAB620B82FA}.Release|x64.ActiveCfg = Release|Any CPU
		{8CB26518-E117-44F4-8E1A-8BAB620B82FA}.Release|x64.Build.0 = Release|Any CPU
		{8CB26518-E117-44F4-8E1A-8BAB620B82FA}.Release|x64.Deploy.0 = Release|Any CPU
		{8CB26518-E117-44F4-8E1A-8BAB620B82FA}.Release|x86.ActiveCfg = Release|Any CPU
		{8CB26518-E117-44F4-8E1A-8BAB620B82FA}.Release|x86.Build.0 = Release|Any CPU
		{8CB26518-E117-44F4-8E1A-8BAB620B82FA}.Release|x86.Deploy.0 = Release|Any CPU
	EndGlobalSection
	GlobalSection(SolutionProperties) = preSolution
		HideSolutionNode = FALSE
	EndGlobalSection
	GlobalSection(ExtensibilityGlobals) = postSolution
		SolutionGuid = {30D15F38-3488-4E96-A9EB-90D12001D0E0}
	EndGlobalSection
EndGlobal
